
Microsoft Visual Studio Solution File, Format Version 12.00
# Visual Studio Version 16
VisualStudioVersion = 25.0.1706.4
MinimumVisualStudioVersion = 10.0.40219.1
Project("{FAE04EC0-301F-11D3-BF4B-00C04F79EFBC}") = "Vehicles", "Vehicles\Vehicles.csproj", "{ACCC8A0C-348E-4614-9673-A07621E4037A}"
EndProject
Global
	GlobalSection(SolutionConfigurationPlatforms) = preSolution
		Debug|Any CPU = Debug|Any CPU
		Release|Any CPU = Release|Any CPU
	EndGlobalSection
	GlobalSection(ProjectConfigurationPlatforms) = postSolution
		{ACCC8A0C-348E-4614-9673-A07621E4037A}.Debug|Any CPU.ActiveCfg = Debug|Any CPU
		{ACCC8A0C-348E-4614-9673-A07621E4037A}.Debug|Any CPU.Build.0 = Debug|Any CPU
		{ACCC8A0C-348E-4614-9673-A07621E4037A}.Release|Any CPU.ActiveCfg = Release|Any CPU
		{ACCC8A0C-348E-4614-9673-A07621E4037A}.Release|Any CPU.Build.0 = Release|Any CPU
	EndGlobalSection
	GlobalSection(SolutionProperties) = preSolution
		HideSolutionNode = FALSE
	EndGlobalSection
	GlobalSection(ExtensibilityGlobals) = postSolution
		SolutionGuid = {957EF29A-6181-4B20-A925-28AD2025F8E1}
	EndGlobalSection
EndGlobal
